
Microsoft Visual Studio Solution File, Format Version 12.00
# Visual Studio 15
VisualStudioVersion = 15.0.27703.2042
MinimumVisualStudioVersion = 10.0.40219.1
Project("{FAE04EC0-301F-11D3-BF4B-00C04F79EFBC}") = "RunningButton", "RunningButton\RunningButton.csproj", "{4398332C-01A4-438B-B386-98ECB27E2B14}"
EndProject
Project("{FAE04EC0-301F-11D3-BF4B-00C04F79EFBC}") = "Colorer", "Colorer\Colorer.csproj", "{2B5477BE-D3C7-46EF-A98A-29725205D5C0}"
EndProject
Project("{FAE04EC0-301F-11D3-BF4B-00C04F79EFBC}") = "Calculator", "Calculator\Calculator.csproj", "{9C845EA0-8794-4075-B123-90E80D18CC69}"
EndProject
Global
	GlobalSection(SolutionConfigurationPlatforms) = preSolution
		Debug|Any CPU = Debug|Any CPU
		Release|Any CPU = Release|Any CPU
	EndGlobalSection
	GlobalSection(ProjectConfigurationPlatforms) = postSolution
		{4398332C-01A4-438B-B386-98ECB27E2B14}.Debug|Any CPU.ActiveCfg = Debug|Any CPU
		{4398332C-01A4-438B-B386-98ECB27E2B14}.Debug|Any CPU.Build.0 = Debug|Any CPU
		{4398332C-01A4-438B-B386-98ECB27E2B14}.Release|Any CPU.ActiveCfg = Release|Any CPU
		{4398332C-01A4-438B-B386-98ECB27E2B14}.Release|Any CPU.Build.0 = Release|Any CPU
		{2B5477BE-D3C7-46EF-A98A-29725205D5C0}.Debug|Any CPU.ActiveCfg = Debug|Any CPU
		{2B5477BE-D3C7-46EF-A98A-29725205D5C0}.Debug|Any CPU.Build.0 = Debug|Any CPU
		{2B5477BE-D3C7-46EF-A98A-29725205D5C0}.Release|Any CPU.ActiveCfg = Release|Any CPU
		{2B5477BE-D3C7-46EF-A98A-29725205D5C0}.Release|Any CPU.Build.0 = Release|Any CPU
		{9C845EA0-8794-4075-B123-90E80D18CC69}.Debug|Any CPU.ActiveCfg = Debug|Any CPU
		{9C845EA0-8794-4075-B123-90E80D18CC69}.Debug|Any CPU.Build.0 = Debug|Any CPU
		{9C845EA0-8794-4075-B123-90E80D18CC69}.Release|Any CPU.ActiveCfg = Release|Any CPU
		{9C845EA0-8794-4075-B123-90E80D18CC69}.Release|Any CPU.Build.0 = Release|Any CPU
	EndGlobalSection
	GlobalSection(SolutionProperties) = preSolution
		HideSolutionNode = FALSE
	EndGlobalSection
	GlobalSection(ExtensibilityGlobals) = postSolution
		SolutionGuid = {9F209780-78D0-44D6-A7C4-81F82BCD5C7A}
	EndGlobalSection
EndGlobal
